<?xml version="1.0" encoding="utf-8"?>
<Project ToolsVersion="4.0" xmlns="http://schemas.microsoft.com/developer/msbuild/2003">
  <ItemGroup>
    <ClCompile Include="APIS3D_2025.cpp" />
    <ClCompile Include="src\mapi\Camera.cpp" />
    <ClCompile Include="src\mapi\GLFWKeyManager.cpp" />
    <ClCompile Include="src\mo\GL4Render.cpp" />
    <ClCompile Include="src\mo\GLFWInputManager.cpp" />
    <ClCompile Include="src\mo\InputManager.cpp" />
    <ClCompile Include="src\mo\World.cpp" />
    <ClCompile Include="src\mo\GLSLMaterial.cpp" />
    <ClCompile Include="src\mo\GLSLProgram.cpp" />
    <ClCompile Include="src\mo\GLSLShader.cpp" />
    <ClCompile Include="src\mo\Mesh3D.cpp" />
    <ClCompile Include="src\mo\Object.cpp" />
    <ClCompile Include="src\mo\Object3D.cpp" />
    <ClCompile Include="src\mo\Program.cpp" />
    <ClCompile Include="src\mo\Shader.cpp" />
    <ClCompile Include="src\mo\FactoryEngine.cpp" />
    <ClCompile Include="src\mo\System.cpp" />
    <ClCompile Include="src\mo\TrianguloRot.cpp" />
  </ItemGroup>
  <ItemGroup>
    <ClInclude Include="src\mapi\Camera.h" />
    <ClInclude Include="src\mapi\common.h" />
    <ClInclude Include="src\mapi\GLFWKeyManager.h" />
    <ClInclude Include="src\mapi\stb_image.h" />
    <ClInclude Include="src\mapi\vertex.h" />
    <ClInclude Include="src\mo\bufferObject.h" />
    <ClInclude Include="src\mo\FactoryEngine.h" />
    <ClInclude Include="src\mo\GL4Render.h" />
    <ClInclude Include="src\mo\GLFWInputManager.h" />
    <ClInclude Include="src\mo\InputManager.h" />
    <ClInclude Include="src\mo\Render.h" />
    <ClInclude Include="src\mo\World.h" />
    <ClInclude Include="src\mo\Entity.h" />
    <ClInclude Include="src\mo\GLSLMaterial.h" />
    <ClInclude Include="src\mo\GLSLProgram.h" />
    <ClInclude Include="src\mo\GLSLShader.h" />
    <ClInclude Include="src\mo\Material.h" />
    <ClInclude Include="src\mo\Mesh3D.h" />
    <ClInclude Include="src\mo\Object.h" />
    <ClInclude Include="src\mo\Object3D.h" />
    <ClInclude Include="src\mo\Program.h" />
    <ClInclude Include="src\mo\RenderProgram.h" />
    <ClInclude Include="src\mo\Shader.h" />
    <ClInclude Include="src\mo\System.h" />
    <ClInclude Include="src\mo\TrianguloRot.h" />
  </ItemGroup>
  <ItemGroup>
    <None Include="data\shader.frag" />
    <None Include="data\shader.vert" />
  </ItemGroup>
</Project>